<?xml version="1.0" encoding="utf-8"?>
<Project ToolsVersion="4.0" xmlns="http://schemas.microsoft.com/developer/msbuild/2003">
  <ItemGroup>
    <Filter Include="Source Files">
      <UniqueIdentifier>{4FC737F1-C7A5-4376-A066-2A32D752A2FF}</UniqueIdentifier>
      <Extensions>cpp;c;cc;cxx;c++;cppm;ixx;def;odl;idl;hpj;bat;asm;asmx</Extensions>
    </Filter>
    <Filter Include="Header Files">
      <UniqueIdentifier>{93995380-89BD-4b04-88EB-625FBE52EBFB}</UniqueIdentifier>
      <Extensions>h;hh;hpp;hxx;h++;hm;inl;inc;ipp;xsd</Extensions>
    </Filter>
    <Filter Include="Resource Files">
      <UniqueIdentifier>{67DA6AB6-F800-4c08-8B7A-83BB121AAD01}</UniqueIdentifier>
      <Extensions>rc;ico;cur;bmp;dlg;rc2;rct;bin;rgs;gif;jpg;jpeg;jpe;resx;tiff;tif;png;wav;mfcribbon-ms</Extensions>
    </Filter>
    <Filter Include="Source Files\Modulo1_UFCD0804">
      <UniqueIdentifier>{acd9a1e3-ecfb-4899-9871-d9797707e771}</UniqueIdentifier>
    </Filter>
    <Filter Include="Source Files\Modulo2_UFCD0809">
      <UniqueIdentifier>{d83a0ae0-9e9c-45dc-bb87-08876a7a739d}</UniqueIdentifier>
    </Filter>
    <Filter Include="Source Files\Modulo1_UFCD0804\Fluxogramas">
      <UniqueIdentifier>{3aed00f7-8512-4bd9-aa36-eaff14874720}</UniqueIdentifier>
    </Filter>
    <Filter Include="Source Files\Modulo1_UFCD0804\Pseudocodigo">
      <UniqueIdentifier>{2f803799-2a81-4884-81eb-8cc6d2eeb1c5}</UniqueIdentifier>
    </Filter>
  </ItemGroup>
  <ItemGroup>
    <ClCompile Include="curso.cpp">
      <Filter>Source Files\Modulo2_UFCD0809</Filter>
    </ClCompile>
  </ItemGroup>
  <ItemGroup>
    <None Include="..\..\..\Documents\Class\Algorithms\TT_AREATRIANGULO.ALG">
      <Filter>Source Files\Modulo1_UFCD0804\Pseudocodigo</Filter>
    </None>
    <None Include="..\..\..\Documents\Class\Algorithms\CALCULADORABASICA.ALG">
      <Filter>Source Files\Modulo1_UFCD0804\Pseudocodigo</Filter>
    </None>
    <None Include="..\..\..\Documents\Class\Algorithms\CALCULADORABASICA_2.ALG">
      <Filter>Source Files\Modulo1_UFCD0804\Pseudocodigo</Filter>
    </None>
    <None Include="..\..\..\Documents\Class\Algorithms\DESIGNA_DIAS.ALG">
      <Filter>Source Files\Modulo1_UFCD0804\Pseudocodigo</Filter>
    </None>
    <None Include="..\..\..\Documents\Class\Algorithms\ENQUANTO.ALG">
      <Filter>Source Files\Modulo1_UFCD0804\Pseudocodigo</Filter>
    </None>
    <None Include="..\..\..\Documents\Class\Algorithms\EQUILATERO.ALG">
      <Filter>Source Files\Modulo1_UFCD0804\Pseudocodigo</Filter>
    </None>
    <None Include="..\..\..\Documents\Class\Algorithms\EX4.ALG">
      <Filter>Source Files\Modulo1_UFCD0804\Pseudocodigo</Filter>
    </None>
    <None Include="..\..\..\Documents\Class\Algorithms\EX10.ALG">
      <Filter>Source Files\Modulo1_UFCD0804\Pseudocodigo</Filter>
    </None>
    <None Include="..\..\..\Documents\Class\Algorithms\FICHA5_EX1.ALG">
      <Filter>Source Files\Modulo1_UFCD0804\Pseudocodigo</Filter>
    </None>
    <None Include="..\..\..\Documents\Class\Algorithms\FICHA5_EX2.ALG">
      <Filter>Source Files\Modulo1_UFCD0804\Pseudocodigo</Filter>
    </None>
    <None Include="..\..\..\Documents\Class\Algorithms\FICHA5_EX3.ALG">
      <Filter>Source Files\Modulo1_UFCD0804\Pseudocodigo</Filter>
    </None>
    <None Include="..\..\..\Documents\Class\Algorithms\FICHA5_EX4.ALG">
      <Filter>Source Files\Modulo1_UFCD0804\Pseudocodigo</Filter>
    </None>
    <None Include="..\..\..\Documents\Class\Algorithms\FICHA5_EX5.ALG">
      <Filter>Source Files\Modulo1_UFCD0804\Pseudocodigo</Filter>
    </None>
    <None Include="..\..\..\Documents\Class\Algorithms\FICHA5_EX6.ALG">
      <Filter>Source Files\Modulo1_UFCD0804\Pseudocodigo</Filter>
    </None>
    <None Include="..\..\..\Documents\Class\Algorithms\FICHA5_EX7.ALG">
      <Filter>Source Files\Modulo1_UFCD0804\Pseudocodigo</Filter>
    </None>
    <None Include="..\..\..\Documents\Class\Algorithms\FICHA5_EX8.ALG">
      <Filter>Source Files\Modulo1_UFCD0804\Pseudocodigo</Filter>
    </None>
    <None Include="..\..\..\Documents\Class\Algorithms\LOOP.ALG">
      <Filter>Source Files\Modulo1_UFCD0804\Pseudocodigo</Filter>
    </None>
    <None Include="..\..\..\Documents\Class\Algorithms\LOOP_2.ALG">
      <Filter>Source Files\Modulo1_UFCD0804\Pseudocodigo</Filter>
    </None>
    <None Include="..\..\..\Documents\Class\Algorithms\MAIOR_2_NUMEROS.ALG">
      <Filter>Source Files\Modulo1_UFCD0804\Pseudocodigo</Filter>
    </None>
    <None Include="..\..\..\Documents\Class\Algorithms\MAIOR_DE_IDADE.ALG">
      <Filter>Source Files\Modulo1_UFCD0804\Pseudocodigo</Filter>
    </None>
    <None Include="..\..\..\Documents\Class\Algorithms\MAIOR_IGUAL_DOIS_NUMEROS.ALG">
      <Filter>Source Files\Modulo1_UFCD0804\Pseudocodigo</Filter>
    </None>
    <None Include="..\..\..\Documents\Class\Algorithms\MEDIA2NUM.ALG">
      <Filter>Source Files\Modulo1_UFCD0804\Pseudocodigo</Filter>
    </None>
    <None Include="..\..\..\Documents\Class\Algorithms\nome_idade.ALG">
      <Filter>Source Files\Modulo1_UFCD0804\Pseudocodigo</Filter>
    </None>
    <None Include="..\..\..\Documents\Class\Algorithms\NUM_SEGUINTES.ALG">
      <Filter>Source Files\Modulo1_UFCD0804\Pseudocodigo</Filter>
    </None>
    <None Include="..\..\..\Documents\Class\Algorithms\POSITIVO_NEGATIVO.ALG">
      <Filter>Source Files\Modulo1_UFCD0804\Pseudocodigo</Filter>
    </None>
    <None Include="..\..\..\Documents\Class\Algorithms\qlkehfwek.ALG">
      <Filter>Source Files\Modulo1_UFCD0804\Pseudocodigo</Filter>
    </None>
    <None Include="..\..\..\Documents\Class\Algorithms\QUADRADO.ALG">
      <Filter>Source Files\Modulo1_UFCD0804\Pseudocodigo</Filter>
    </None>
    <None Include="..\..\..\Documents\Class\Algorithms\SEMNOME.ALG">
      <Filter>Source Files\Modulo1_UFCD0804\Pseudocodigo</Filter>
    </None>
    <None Include="..\..\..\Documents\Class\Algorithms\soma2numeros.ALG">
      <Filter>Source Files\Modulo1_UFCD0804\Pseudocodigo</Filter>
    </None>
    <None Include="..\..\..\Documents\Class\Algorithms\soma2numpedidos.ALG">
      <Filter>Source Files\Modulo1_UFCD0804\Pseudocodigo</Filter>
    </None>
    <None Include="..\..\..\Documents\Class\Algorithms\TESTE_AREARETANGULO.ALG">
      <Filter>Source Files\Modulo1_UFCD0804\Pseudocodigo</Filter>
    </None>
    <None Include="..\..\..\Documents\Class\Algorithms\TROCA_VALORES.ALG">
      <Filter>Source Files\Modulo1_UFCD0804\Pseudocodigo</Filter>
    </None>
    <None Include="..\..\..\Documents\Class\Algorithms\num_seguinte.fprg">
      <Filter>Source Files\Modulo1_UFCD0804\Fluxogramas</Filter>
    </None>
    <None Include="..\..\..\Documents\Class\Algorithms\POSITIVO_NEGATIVO.fprg">
      <Filter>Source Files\Modulo1_UFCD0804\Fluxogramas</Filter>
    </None>
    <None Include="..\..\..\Documents\Class\Algorithms\quadrado.fprg">
      <Filter>Source Files\Modulo1_UFCD0804\Fluxogramas</Filter>
    </None>
    <None Include="..\..\..\Documents\Class\Algorithms\soma2num.fprg">
      <Filter>Source Files\Modulo1_UFCD0804\Fluxogramas</Filter>
    </None>
    <None Include="..\..\..\Documents\Class\Algorithms\soma2numpedidos.fprg">
      <Filter>Source Files\Modulo1_UFCD0804\Fluxogramas</Filter>
    </None>
    <None Include="..\..\..\Documents\Class\Algorithms\tabuada.fprg">
      <Filter>Source Files\Modulo1_UFCD0804\Fluxogramas</Filter>
    </None>
    <None Include="..\..\..\Documents\Class\Algorithms\Teste_AreaRetangulo.fprg">
      <Filter>Source Files\Modulo1_UFCD0804\Fluxogramas</Filter>
    </None>
    <None Include="..\..\..\Documents\Class\Algorithms\troca_valores.fprg">
      <Filter>Source Files\Modulo1_UFCD0804\Fluxogramas</Filter>
    </None>
    <None Include="..\..\..\Documents\Class\Algorithms\TT_AREATRIANGULO.fprg">
      <Filter>Source Files\Modulo1_UFCD0804\Fluxogramas</Filter>
    </None>
    <None Include="..\..\..\Documents\Class\Algorithms\EX1_FICHA5.fprg">
      <Filter>Source Files\Modulo1_UFCD0804\Fluxogramas</Filter>
    </None>
    <None Include="..\..\..\Documents\Class\Algorithms\ex4.fprg">
      <Filter>Source Files\Modulo1_UFCD0804\Fluxogramas</Filter>
    </None>
    <None Include="..\..\..\Documents\Class\Algorithms\FICHA5_EX1.fprg">
      <Filter>Source Files\Modulo1_UFCD0804\Fluxogramas</Filter>
    </None>
    <None Include="..\..\..\Documents\Class\Algorithms\FICHA5_EX2.fprg">
      <Filter>Source Files\Modulo1_UFCD0804\Fluxogramas</Filter>
    </None>
    <None Include="..\..\..\Documents\Class\Algorithms\FICHA5_EX3.fprg">
      <Filter>Source Files\Modulo1_UFCD0804\Fluxogramas</Filter>
    </None>
    <None Include="..\..\..\Documents\Class\Algorithms\FICHA5_EX4.fprg">
      <Filter>Source Files\Modulo1_UFCD0804\Fluxogramas</Filter>
    </None>
    <None Include="..\..\..\Documents\Class\Algorithms\FICHA5_EX5.fprg">
      <Filter>Source Files\Modulo1_UFCD0804\Fluxogramas</Filter>
    </None>
    <None Include="..\..\..\Documents\Class\Algorithms\FICHA5_EX6.fprg">
      <Filter>Source Files\Modulo1_UFCD0804\Fluxogramas</Filter>
    </None>
    <None Include="..\..\..\Documents\Class\Algorithms\FICHA5_EX7.fprg">
      <Filter>Source Files\Modulo1_UFCD0804\Fluxogramas</Filter>
    </None>
    <None Include="..\..\..\Documents\Class\Algorithms\FICHA5_EX8.fprg">
      <Filter>Source Files\Modulo1_UFCD0804\Fluxogramas</Filter>
    </None>
    <None Include="..\..\..\Documents\Class\Algorithms\MAIOR_2_NUMEROS.fprg">
      <Filter>Source Files\Modulo1_UFCD0804\Fluxogramas</Filter>
    </None>
    <None Include="..\..\..\Documents\Class\Algorithms\MAIOR_IGUAL_2_NUMEROS.fprg">
      <Filter>Source Files\Modulo1_UFCD0804\Fluxogramas</Filter>
    </None>
    <None Include="..\..\..\Documents\Class\Algorithms\media2num.fprg">
      <Filter>Source Files\Modulo1_UFCD0804\Fluxogramas</Filter>
    </None>
    <None Include="..\..\..\Documents\Class\Algorithms\nome_idade.fprg">
      <Filter>Source Files\Modulo1_UFCD0804\Fluxogramas</Filter>
    </None>
    <None Include="readme.md" />
  </ItemGroup>
</Project>