<?xml version="1.0" encoding="utf-8"?>
<Project ToolsVersion="4.0" xmlns="http://schemas.microsoft.com/developer/msbuild/2003">
  <ItemGroup>
    <Filter Include="Source Files">
      <UniqueIdentifier>{4FC737F1-C7A5-4376-A066-2A32D752A2FF}</UniqueIdentifier>
      <Extensions>cpp;c;cc;cxx;c++;cppm;ixx;def;odl;idl;hpj;bat;asm;asmx</Extensions>
    </Filter>
    <Filter Include="Header Files">
      <UniqueIdentifier>{93995380-89BD-4b04-88EB-625FBE52EBFB}</UniqueIdentifier>
      <Extensions>h;hh;hpp;hxx;h++;hm;inl;inc;ipp;xsd</Extensions>
    </Filter>
    <Filter Include="Resource Files">
      <UniqueIdentifier>{67DA6AB6-F800-4c08-8B7A-83BB121AAD01}</UniqueIdentifier>
      <Extensions>rc;ico;cur;bmp;dlg;rc2;rct;bin;rgs;gif;jpg;jpeg;jpe;resx;tiff;tif;png;wav;mfcribbon-ms</Extensions>
    </Filter>
    <Filter Include="Source Files\Modulo1_UFCD0804">
      <UniqueIdentifier>{acd9a1e3-ecfb-4899-9871-d9797707e771}</UniqueIdentifier>
    </Filter>
    <Filter Include="Source Files\Modulo2_UFCD0809">
      <UniqueIdentifier>{d83a0ae0-9e9c-45dc-bb87-08876a7a739d}</UniqueIdentifier>
    </Filter>
    <Filter Include="Source Files\Modulo1_UFCD0804\Fluxogramas">
      <UniqueIdentifier>{3aed00f7-8512-4bd9-aa36-eaff14874720}</UniqueIdentifier>
    </Filter>
    <Filter Include="Source Files\Modulo1_UFCD0804\Pseudocodigo">
      <UniqueIdentifier>{2f803799-2a81-4884-81eb-8cc6d2eeb1c5}</UniqueIdentifier>
    </Filter>
  </ItemGroup>
  <ItemGroup>
    <ClCompile Include="2024_2025\Modulo2_UFCD_0809\Fundamentos\conversao_explicita.cpp">
      <Filter>Source Files</Filter>
    </ClCompile>
    <ClCompile Include="2024_2025\Modulo2_UFCD_0809\Fundamentos\dados.cpp">
      <Filter>Source Files</Filter>
    </ClCompile>
    <ClCompile Include="2024_2025\Modulo1_UFCD_0804\Algoritmos\Fluxogramas\fluxogramas.cpp">
      <Filter>Source Files</Filter>
    </ClCompile>
    <ClCompile Include="2024_2025\Modulo1_UFCD_0804\Algoritmos\Pseudocodigos\pseudocodigos.cpp">
      <Filter>Source Files</Filter>
    </ClCompile>
  </ItemGroup>
  <ItemGroup>
    <None Include="readme.md" />
  </ItemGroup>
</Project>